dependencies:
- name: drive-ui
  repository: file://../drive-ui
  version: 0.1.0
- name: api-gateway
  repository: file://../api-gateway
  version: 0.1.0
- name: download-service
  repository: file://../download-service
  version: 0.1.0
- name: upload-service
  repository: file://../upload-service
  version: 0.1.0
- name: file-service
  repository: file://../file-service
  version: 0.1.0
- name: authentication-service
  repository: file://../authentication-service
  version: 0.1.0
- name: user-service
  repository: file://../user-service
  version: 0.1.0
- name: permission-service
  repository: file://../permission-service
  version: 0.1.0
- name: dropbox-service
  repository: file://../dropbox-service
  version: 0.1.0
- name: test-saml-idp
  repository: file://../test-saml-idp
  version: 0.1.0
- name: redis
  repository: file://../redis
  version: 0.1.0
- name: search-service
  repository: file://../search-service
  version: 0.1.0
- name: spike-service
  repository: file://../spike-service
  version: 0.1.0
- name: gotenberg
  repository: file://../gotenberg
  version: 0.1.0
- name: fav-service
  repository: file://../fav-service
  version: 0.1.0
digest: sha256:bc1dafda7c3cc95253fad14678927e55ab3b206bf8cbac98b0cc729394d85fa9
generated: "2022-02-22T17:35:22.743435774+02:00"
